// !$*UTF8*$!
{
	archiveVersion = 1;
	classes = {
	};
	objectVersion = 50;
	objects = {

/* Begin PBXBuildFile section */
		4A8D13282411F1EC00DC90FD /* AppDelegate.swift in Sources */ = {isa = PBXBuildFile; fileRef = 4A8D13272411F1EC00DC90FD /* AppDelegate.swift */; };
		4A8D132A2411F1EC00DC90FD /* SceneDelegate.swift in Sources */ = {isa = PBXBuildFile; fileRef = 4A8D13292411F1EC00DC90FD /* SceneDelegate.swift */; };
		4A8D132C2411F1EC00DC90FD /* ViewController.swift in Sources */ = {isa = PBXBuildFile; fileRef = 4A8D132B2411F1EC00DC90FD /* ViewController.swift */; };
		4A8D132F2411F1EC00DC90FD /* Main.storyboard in Resources */ = {isa = PBXBuildFile; fileRef = 4A8D132D2411F1EC00DC90FD /* Main.storyboard */; };
		4A8D13312411F1EF00DC90FD /* Assets.xcassets in Resources */ = {isa = PBXBuildFile; fileRef = 4A8D13302411F1EF00DC90FD /* Assets.xcassets */; };
		4A8D13342411F1EF00DC90FD /* LaunchScreen.storyboard in Resources */ = {isa = PBXBuildFile; fileRef = 4A8D13322411F1EF00DC90FD /* LaunchScreen.storyboard */; };
		4A8D133F2411F1EF00DC90FD /* toDoTests.swift in Sources */ = {isa = PBXBuildFile; fileRef = 4A8D133E2411F1EF00DC90FD /* toDoTests.swift */; };
		4A8D134A2411F1EF00DC90FD /* toDoUITests.swift in Sources */ = {isa = PBXBuildFile; fileRef = 4A8D13492411F1EF00DC90FD /* toDoUITests.swift */; };
		4A8D13582411F41A00DC90FD /* toDo.swift in Sources */ = {isa = PBXBuildFile; fileRef = 4A8D13572411F41A00DC90FD /* toDo.swift */; };
/* End PBXBuildFile section */

/* Begin PBXContainerItemProxy section */
		4A8D133B2411F1EF00DC90FD /* PBXContainerItemProxy */ = {
			isa = PBXContainerItemProxy;
			containerPortal = 4A8D131C2411F1EC00DC90FD /* Project object */;
			proxyType = 1;
			remoteGlobalIDString = 4A8D13232411F1EC00DC90FD;
			remoteInfo = toDo;
		};
		4A8D13462411F1EF00DC90FD /* PBXContainerItemProxy */ = {
			isa = PBXContainerItemProxy;
			containerPortal = 4A8D131C2411F1EC00DC90FD /* Project object */;
			proxyType = 1;
			remoteGlobalIDString = 4A8D13232411F1EC00DC90FD;
			remoteInfo = toDo;
		};
/* End PBXContainerItemProxy section */

/* Begin PBXFileReference section */
		4A8D13242411F1EC00DC90FD /* toDo.app */ = {isa = PBXFileReference; explicitFileType = wrapper.application; includeInIndex = 0; path = toDo.app; sourceTree = BUILT_PRODUCTS_DIR; };
		4A8D13272411F1EC00DC90FD /* AppDelegate.swift */ = {isa = PBXFileReference; lastKnownFileType = sourcecode.swift; path = AppDelegate.swift; sourceTree = "<group>"; };
		4A8D13292411F1EC00DC90FD /* SceneDelegate.swift */ = {isa = PBXFileReference; lastKnownFileType = sourcecode.swift; path = SceneDelegate.swift; sourceTree = "<group>"; };
		4A8D132B2411F1EC00DC90FD /* ViewController.swift */ = {isa = PBXFileReference; lastKnownFileType = sourcecode.swift; path = ViewController.swift; sourceTree = "<group>"; };
		4A8D132E2411F1EC00DC90FD /* Base */ = {isa = PBXFileReference; lastKnownFileType = file.storyboard; name = Base; path = Base.lproj/Main.storyboard; sourceTree = "<group>"; };
		4A8D13302411F1EF00DC90FD /* Assets.xcassets */ = {isa = PBXFileReference; lastKnownFileType = folder.assetcatalog; path = Assets.xcassets; sourceTree = "<group>"; };
		4A8D13332411F1EF00DC90FD /* Base */ = {isa = PBXFileReference; lastKnownFileType = file.storyboard; name = Base; path = Base.lproj/LaunchScreen.storyboard; sourceTree = "<group>"; };
		4A8D13352411F1EF00DC90FD /* Info.plist */ = {isa = PBXFileReference; lastKnownFileType = text.plist.xml; path = Info.plist; sourceTree = "<group>"; };
		4A8D133A2411F1EF00DC90FD /* toDoTests.xctest */ = {isa = PBXFileReference; explicitFileType = wrapper.cfbundle; includeInIndex = 0; path = toDoTests.xctest; sourceTree = BUILT_PRODUCTS_DIR; };
		4A8D133E2411F1EF00DC90FD /* toDoTests.swift */ = {isa = PBXFileReference; lastKnownFileType = sourcecode.swift; path = toDoTests.swift; sourceTree = "<group>"; };
		4A8D13402411F1EF00DC90FD /* Info.plist */ = {isa = PBXFileReference; lastKnownFileType = text.plist.xml; path = Info.plist; sourceTree = "<group>"; };
		4A8D13452411F1EF00DC90FD /* toDoUITests.xctest */ = {isa = PBXFileReference; explicitFileType = wrapper.cfbundle; includeInIndex = 0; path = toDoUITests.xctest; sourceTree = BUILT_PRODUCTS_DIR; };
		4A8D13492411F1EF00DC90FD /* toDoUITests.swift */ = {isa = PBXFileReference; lastKnownFileType = sourcecode.swift; path = toDoUITests.swift; sourceTree = "<group>"; };
		4A8D134B2411F1EF00DC90FD /* Info.plist */ = {isa = PBXFileReference; lastKnownFileType = text.plist.xml; path = Info.plist; sourceTree = "<group>"; };
		4A8D13572411F41A00DC90FD /* toDo.swift */ = {isa = PBXFileReference; lastKnownFileType = sourcecode.swift; path = toDo.swift; sourceTree = "<group>"; };
/* End PBXFileReference section */

/* Begin PBXFrameworksBuildPhase section */
		4A8D13212411F1EC00DC90FD /* Frameworks */ = {
			isa = PBXFrameworksBuildPhase;
			buildActionMask = 2147483647;
			files = (
			);
			runOnlyForDeploymentPostprocessing = 0;
		};
		4A8D13372411F1EF00DC90FD /* Frameworks */ = {
			isa = PBXFrameworksBuildPhase;
			buildActionMask = 2147483647;
			files = (
			);
			runOnlyForDeploymentPostprocessing = 0;
		};
		4A8D13422411F1EF00DC90FD /* Frameworks */ = {
			isa = PBXFrameworksBuildPhase;
			buildActionMask = 2147483647;
			files = (
			);
			runOnlyForDeploymentPostprocessing = 0;
		};
/* End PBXFrameworksBuildPhase section */

/* Begin PBXGroup section */
		4A8D131B2411F1EC00DC90FD = {
			isa = PBXGroup;
			children = (
				4A8D13262411F1EC00DC90FD /* toDo */,
				4A8D133D2411F1EF00DC90FD /* toDo Tests */,
				4A8D13482411F1EF00DC90FD /* toDo UITests */,
				4A8D13252411F1EC00DC90FD /* Products */,
			);
			sourceTree = "<group>";
		};
		4A8D13252411F1EC00DC90FD /* Products */ = {
			isa = PBXGroup;
			children = (
				4A8D13242411F1EC00DC90FD /* toDo.app */,
				4A8D133A2411F1EF00DC90FD /* toDoTests.xctest */,
				4A8D13452411F1EF00DC90FD /* toDoUITests.xctest */,
			);
			name = Products;
			sourceTree = "<group>";
		};
		4A8D13262411F1EC00DC90FD /* toDo */ = {
			isa = PBXGroup;
			children = (
				4A8D13272411F1EC00DC90FD /* AppDelegate.swift */,
				4A8D13292411F1EC00DC90FD /* SceneDelegate.swift */,
				4A8D132B2411F1EC00DC90FD /* ViewController.swift */,
				4A8D132D2411F1EC00DC90FD /* Main.storyboard */,
				4A8D13302411F1EF00DC90FD /* Assets.xcassets */,
				4A8D13322411F1EF00DC90FD /* LaunchScreen.storyboard */,
				4A8D13352411F1EF00DC90FD /* Info.plist */,
				4A8D13572411F41A00DC90FD /* toDo.swift */,
			);
			path = toDo;
			sourceTree = "<group>";
		};
		4A8D133D2411F1EF00DC90FD /* toDo Tests */ = {
			isa = PBXGroup;
			children = (
				4A8D133E2411F1EF00DC90FD /* toDoTests.swift */,
				4A8D13402411F1EF00DC90FD /* Info.plist */,
			);
			path = "toDo Tests";
			sourceTree = "<group>";
		};
		4A8D13482411F1EF00DC90FD /* toDo UITests */ = {
			isa = PBXGroup;
			children = (
				4A8D13492411F1EF00DC90FD /* toDoUITests.swift */,
				4A8D134B2411F1EF00DC90FD /* Info.plist */,
			);
			path = "toDo UITests";
			sourceTree = "<group>";
		};
/* End PBXGroup section */

/* Begin PBXNativeTarget section */
		4A8D13232411F1EC00DC90FD /* toDo */ = {
			isa = PBXNativeTarget;
			buildConfigurationList = 4A8D134E2411F1EF00DC90FD /* Build configuration list for PBXNativeTarget "toDo" */;
			buildPhases = (
				4A8D13202411F1EC00DC90FD /* Sources */,
				4A8D13212411F1EC00DC90FD /* Frameworks */,
				4A8D13222411F1EC00DC90FD /* Resources */,
			);
			buildRules = (
			);
			dependencies = (
			);
			name = toDo;
			productName = toDo;
			productReference = 4A8D13242411F1EC00DC90FD /* toDo.app */;
			productType = "com.apple.product-type.application";
		};
		4A8D13392411F1EF00DC90FD /* toDoTests */ = {
			isa = PBXNativeTarget;
			buildConfigurationList = 4A8D13512411F1EF00DC90FD /* Build configuration list for PBXNativeTarget "toDoTests" */;
			buildPhases = (
				4A8D13362411F1EF00DC90FD /* Sources */,
				4A8D13372411F1EF00DC90FD /* Frameworks */,
				4A8D13382411F1EF00DC90FD /* Resources */,
			);
			buildRules = (
			);
			dependencies = (
				4A8D133C2411F1EF00DC90FD /* PBXTargetDependency */,
			);
			name = toDoTests;
			productName = toDoTests;
			productReference = 4A8D133A2411F1EF00DC90FD /* toDoTests.xctest */;
			productType = "com.apple.product-type.bundle.unit-test";
		};
		4A8D13442411F1EF00DC90FD /* toDoUITests */ = {
			isa = PBXNativeTarget;
			buildConfigurationList = 4A8D13542411F1EF00DC90FD /* Build configuration list for PBXNativeTarget "toDoUITests" */;
			buildPhases = (
				4A8D13412411F1EF00DC90FD /* Sources */,
				4A8D13422411F1EF00DC90FD /* Frameworks */,
				4A8D13432411F1EF00DC90FD /* Resources */,
			);
			buildRules = (
			);
			dependencies = (
				4A8D13472411F1EF00DC90FD /* PBXTargetDependency */,
			);
			name = toDoUITests;
			productName = toDoUITests;
			productReference = 4A8D13452411F1EF00DC90FD /* toDoUITests.xctest */;
			productType = "com.apple.product-type.bundle.ui-testing";
		};
/* End PBXNativeTarget section */

/* Begin PBXProject section */
		4A8D131C2411F1EC00DC90FD /* Project object */ = {
			isa = PBXProject;
			attributes = {
				LastSwiftUpdateCheck = 1130;
				LastUpgradeCheck = 1130;
				ORGANIZATIONNAME = "Philip Taylor";
				TargetAttributes = {
					4A8D13232411F1EC00DC90FD = {
						CreatedOnToolsVersion = 11.3.1;
					};
					4A8D13392411F1EF00DC90FD = {
						CreatedOnToolsVersion = 11.3.1;
						TestTargetID = 4A8D13232411F1EC00DC90FD;
					};
					4A8D13442411F1EF00DC90FD = {
						CreatedOnToolsVersion = 11.3.1;
						TestTargetID = 4A8D13232411F1EC00DC90FD;
					};
				};
			};
			buildConfigurationList = 4A8D131F2411F1EC00DC90FD /* Build configuration list for PBXProject "toDo" */;
			compatibilityVersion = "Xcode 9.3";
			developmentRegion = en;
			hasScannedForEncodings = 0;
			knownRegions = (
				en,
				Base,
			);
			mainGroup = 4A8D131B2411F1EC00DC90FD;
			productRefGroup = 4A8D13252411F1EC00DC90FD /* Products */;
			projectDirPath = "";
			projectRoot = "";
			targets = (
				4A8D13232411F1EC00DC90FD /* toDo */,
				4A8D13392411F1EF00DC90FD /* toDoTests */,
				4A8D13442411F1EF00DC90FD /* toDoUITests */,
			);
		};
/* End PBXProject section */

/* Begin PBXResourcesBuildPhase section */
		4A8D13222411F1EC00DC90FD /* Resources */ = {
			isa = PBXResourcesBuildPhase;
			buildActionMask = 2147483647;
			files = (
				4A8D13342411F1EF00DC90FD /* LaunchScreen.storyboard in Resources */,
				4A8D13312411F1EF00DC90FD /* Assets.xcassets in Resources */,
				4A8D132F2411F1EC00DC90FD /* Main.storyboard in Resources */,
			);
			runOnlyForDeploymentPostprocessing = 0;
		};
		4A8D13382411F1EF00DC90FD /* Resources */ = {
			isa = PBXResourcesBuildPhase;
			buildActionMask = 2147483647;
			files = (
			);
			runOnlyForDeploymentPostprocessing = 0;
		};
		4A8D13432411F1EF00DC90FD /* Resources */ = {
			isa = PBXResourcesBuildPhase;
			buildActionMask = 2147483647;
			files = (
			);
			runOnlyForDeploymentPostprocessing = 0;
		};
/* End PBXResourcesBuildPhase section */

/* Begin PBXSourcesBuildPhase section */
		4A8D13202411F1EC00DC90FD /* Sources */ = {
			isa = PBXSourcesBuildPhase;
			buildActionMask = 2147483647;
			files = (
				4A8D132C2411F1EC00DC90FD /* ViewController.swift in Sources */,
				4A8D13282411F1EC00DC90FD /* AppDelegate.swift in Sources */,
				4A8D132A2411F1EC00DC90FD /* SceneDelegate.swift in Sources */,
				4A8D13582411F41A00DC90FD /* toDo.swift in Sources */,
			);
			runOnlyForDeploymentPostprocessing = 0;
		};
		4A8D13362411F1EF00DC90FD /* Sources */ = {
			isa = PBXSourcesBuildPhase;
			buildActionMask = 2147483647;
			files = (
				4A8D133F2411F1EF00DC90FD /* toDoTests.swift in Sources */,
			);
			runOnlyForDeploymentPostprocessing = 0;
		};
		4A8D13412411F1EF00DC90FD /* Sources */ = {
			isa = PBXSourcesBuildPhase;
			buildActionMask = 2147483647;
			files = (
				4A8D134A2411F1EF00DC90FD /* toDoUITests.swift in Sources */,
			);
			runOnlyForDeploymentPostprocessing = 0;
		};
/* End PBXSourcesBuildPhase section */

/* Begin PBXTargetDependency section */
		4A8D133C2411F1EF00DC90FD /* PBXTargetDependency */ = {
			isa = PBXTargetDependency;
			target = 4A8D13232411F1EC00DC90FD /* toDo */;
			targetProxy = 4A8D133B2411F1EF00DC90FD /* PBXContainerItemProxy */;
		};
		4A8D13472411F1EF00DC90FD /* PBXTargetDependency */ = {
			isa = PBXTargetDependency;
			target = 4A8D13232411F1EC00DC90FD /* toDo */;
			targetProxy = 4A8D13462411F1EF00DC90FD /* PBXContainerItemProxy */;
		};
/* End PBXTargetDependency section */

/* Begin PBXVariantGroup section */
		4A8D132D2411F1EC00DC90FD /* Main.storyboard */ = {
			isa = PBXVariantGroup;
			children = (
				4A8D132E2411F1EC00DC90FD /* Base */,
			);
			name = Main.storyboard;
			sourceTree = "<group>";
		};
		4A8D13322411F1EF00DC90FD /* LaunchScreen.storyboard */ = {
			isa = PBXVariantGroup;
			children = (
				4A8D13332411F1EF00DC90FD /* Base */,
			);
			name = LaunchScreen.storyboard;
			sourceTree = "<group>";
		};
/* End PBXVariantGroup section */

/* Begin XCBuildConfiguration section */
		4A8D134C2411F1EF00DC90FD /* Debug */ = {
			isa = XCBuildConfiguration;
			buildSettings = {
				ALWAYS_SEARCH_USER_PATHS = NO;
				CLANG_ANALYZER_NONNULL = YES;
				CLANG_ANALYZER_NUMBER_OBJECT_CONVERSION = YES_AGGRESSIVE;
				CLANG_CXX_LANGUAGE_STANDARD = "gnu++14";
				CLANG_CXX_LIBRARY = "libc++";
				CLANG_ENABLE_MODULES = YES;
				CLANG_ENABLE_OBJC_ARC = YES;
				CLANG_ENABLE_OBJC_WEAK = YES;
				CLANG_WARN_BLOCK_CAPTURE_AUTORELEASING = YES;
				CLANG_WARN_BOOL_CONVERSION = YES;
				CLANG_WARN_COMMA = YES;
				CLANG_WARN_CONSTANT_CONVERSION = YES;
				CLANG_WARN_DEPRECATED_OBJC_IMPLEMENTATIONS = YES;
				CLANG_WARN_DIRECT_OBJC_ISA_USAGE = YES_ERROR;
				CLANG_WARN_DOCUMENTATION_COMMENTS = YES;
				CLANG_WARN_EMPTY_BODY = YES;
				CLANG_WARN_ENUM_CONVERSION = YES;
				CLANG_WARN_INFINITE_RECURSION = YES;
				CLANG_WARN_INT_CONVERSION = YES;
				CLANG_WARN_NON_LITERAL_NULL_CONVERSION = YES;
				CLANG_WARN_OBJC_IMPLICIT_RETAIN_SELF = YES;
				CLANG_WARN_OBJC_LITERAL_CONVERSION = YES;
				CLANG_WARN_OBJC_ROOT_CLASS = YES_ERROR;
				CLANG_WARN_RANGE_LOOP_ANALYSIS = YES;
				CLANG_WARN_STRICT_PROTOTYPES = YES;
				CLANG_WARN_SUSPICIOUS_MOVE = YES;
				CLANG_WARN_UNGUARDED_AVAILABILITY = YES_AGGRESSIVE;
				CLANG_WARN_UNREACHABLE_CODE = YES;
				CLANG_WARN__DUPLICATE_METHOD_MATCH = YES;
				COPY_PHASE_STRIP = NO;
				DEBUG_INFORMATION_FORMAT = dwarf;
				ENABLE_STRICT_OBJC_MSGSEND = YES;
				ENABLE_TESTABILITY = YES;
				GCC_C_LANGUAGE_STANDARD = gnu11;
				GCC_DYNAMIC_NO_PIC = NO;
				GCC_NO_COMMON_BLOCKS = YES;
				GCC_OPTIMIZATION_LEVEL = 0;
				GCC_PREPROCESSOR_DEFINITIONS = (
					"DEBUG=1",
					"$(inherited)",
				);
				GCC_WARN_64_TO_32_BIT_CONVERSION = YES;
				GCC_WARN_ABOUT_RETURN_TYPE = YES_ERROR;
				GCC_WARN_UNDECLARED_SELECTOR = YES;
				GCC_WARN_UNINITIALIZED_AUTOS = YES_AGGRESSIVE;
				GCC_WARN_UNUSED_FUNCTION = YES;
				GCC_WARN_UNUSED_VARIABLE = YES;
				IPHONEOS_DEPLOYMENT_TARGET = 13.2;
				MTL_ENABLE_DEBUG_INFO = INCLUDE_SOURCE;
				MTL_FAST_MATH = YES;
				ONLY_ACTIVE_ARCH = YES;
				SDKROOT = iphoneos;
				SWIFT_ACTIVE_COMPILATION_CONDITIONS = DEBUG;
				SWIFT_OPTIMIZATION_LEVEL = "-Onone";
			};
			name = Debug;
		};
		4A8D134D2411F1EF00DC90FD /* Release */ = {
			isa = XCBuildConfiguration;
			buildSettings = {
				ALWAYS_SEARCH_USER_PATHS = NO;
				CLANG_ANALYZER_NONNULL = YES;
				CLANG_ANALYZER_NUMBER_OBJECT_CONVERSION = YES_AGGRESSIVE;
				CLANG_CXX_LANGUAGE_STANDARD = "gnu++14";
				CLANG_CXX_LIBRARY = "libc++";
				CLANG_ENABLE_MODULES = YES;
				CLANG_ENABLE_OBJC_ARC = YES;
				CLANG_ENABLE_OBJC_WEAK = YES;
				CLANG_WARN_BLOCK_CAPTURE_AUTORELEASING = YES;
				CLANG_WARN_BOOL_CONVERSION = YES;
				CLANG_WARN_COMMA = YES;
				CLANG_WARN_CONSTANT_CONVERSION = YES;
				CLANG_WARN_DEPRECATED_OBJC_IMPLEMENTATIONS = YES;
				CLANG_WARN_DIRECT_OBJC_ISA_USAGE = YES_ERROR;
				CLANG_WARN_DOCUMENTATION_COMMENTS = YES;
				CLANG_WARN_EMPTY_BODY = YES;
				CLANG_WARN_ENUM_CONVERSION = YES;
				CLANG_WARN_INFINITE_RECURSION = YES;
				CLANG_WARN_INT_CONVERSION = YES;
				CLANG_WARN_NON_LITERAL_NULL_CONVERSION = YES;
				CLANG_WARN_OBJC_IMPLICIT_RETAIN_SELF = YES;
				CLANG_WARN_OBJC_LITERAL_CONVERSION = YES;
				CLANG_WARN_OBJC_ROOT_CLASS = YES_ERROR;
				CLANG_WARN_RANGE_LOOP_ANALYSIS = YES;
				CLANG_WARN_STRICT_PROTOTYPES = YES;
				CLANG_WARN_SUSPICIOUS_MOVE = YES;
				CLANG_WARN_UNGUARDED_AVAILABILITY = YES_AGGRESSIVE;
				CLANG_WARN_UNREACHABLE_CODE = YES;
				CLANG_WARN__DUPLICATE_METHOD_MATCH = YES;
				COPY_PHASE_STRIP = NO;
				DEBUG_INFORMATION_FORMAT = "dwarf-with-dsym";
				ENABLE_NS_ASSERTIONS = NO;
				ENABLE_STRICT_OBJC_MSGSEND = YES;
				GCC_C_LANGUAGE_STANDARD = gnu11;
				GCC_NO_COMMON_BLOCKS = YES;
				GCC_WARN_64_TO_32_BIT_CONVERSION = YES;
				GCC_WARN_ABOUT_RETURN_TYPE = YES_ERROR;
				GCC_WARN_UNDECLARED_SELECTOR = YES;
				GCC_WARN_UNINITIALIZED_AUTOS = YES_AGGRESSIVE;
				GCC_WARN_UNUSED_FUNCTION = YES;
				GCC_WARN_UNUSED_VARIABLE = YES;
				IPHONEOS_DEPLOYMENT_TARGET = 13.2;
				MTL_ENABLE_DEBUG_INFO = NO;
				MTL_FAST_MATH = YES;
				SDKROOT = iphoneos;
				SWIFT_COMPILATION_MODE = wholemodule;
				SWIFT_OPTIMIZATION_LEVEL = "-O";
				VALIDATE_PRODUCT = YES;
			};
			name = Release;
		};
		4A8D134F2411F1EF00DC90FD /* Debug */ = {
			isa = XCBuildConfiguration;
			buildSettings = {
				ASSETCATALOG_COMPILER_APPICON_NAME = AppIcon;
				CODE_SIGN_STYLE = Automatic;
				INFOPLIST_FILE = toDo/Info.plist;
				LD_RUNPATH_SEARCH_PATHS = (
					"$(inherited)",
					"@executable_path/Frameworks",
				);
				PRODUCT_BUNDLE_IDENTIFIER = "Lunatic-Llama-Studios.toDo";
				PRODUCT_NAME = toDo;
				SWIFT_VERSION = 5.0;
				TARGETED_DEVICE_FAMILY = "1,2";
			};
			name = Debug;
		};
		4A8D13502411F1EF00DC90FD /* Release */ = {
			isa = XCBuildConfiguration;
			buildSettings = {
				ASSETCATALOG_COMPILER_APPICON_NAME = AppIcon;
				CODE_SIGN_STYLE = Automatic;
				INFOPLIST_FILE = toDo/Info.plist;
				LD_RUNPATH_SEARCH_PATHS = (
					"$(inherited)",
					"@executable_path/Frameworks",
				);
				PRODUCT_BUNDLE_IDENTIFIER = "Lunatic-Llama-Studios.toDo";
				PRODUCT_NAME = toDo;
				SWIFT_VERSION = 5.0;
				TARGETED_DEVICE_FAMILY = "1,2";
			};
			name = Release;
		};
		4A8D13522411F1EF00DC90FD /* Debug */ = {
			isa = XCBuildConfiguration;
			buildSettings = {
				ALWAYS_EMBED_SWIFT_STANDARD_LIBRARIES = YES;
				BUNDLE_LOADER = "$(TEST_HOST)";
				CODE_SIGN_STYLE = Automatic;
				INFOPLIST_FILE = toDoTests/Info.plist;
				IPHONEOS_DEPLOYMENT_TARGET = 13.2;
				LD_RUNPATH_SEARCH_PATHS = (
					"$(inherited)",
					"@executable_path/Frameworks",
					"@loader_path/Frameworks",
				);
				PRODUCT_BUNDLE_IDENTIFIER = "Lunatic-Llama-Studios.toDo-v-1Tests";
				PRODUCT_NAME = "$(TARGET_NAME)";
				SWIFT_VERSION = 5.0;
				TARGETED_DEVICE_FAMILY = "1,2";
				TEST_HOST = "$(BUILT_PRODUCTS_DIR)/toDo.app/toDo";
			};
			name = Debug;
		};
		4A8D13532411F1EF00DC90FD /* Release */ = {
			isa = XCBuildConfiguration;
			buildSettings = {
				ALWAYS_EMBED_SWIFT_STANDARD_LIBRARIES = YES;
				BUNDLE_LOADER = "$(TEST_HOST)";
				CODE_SIGN_STYLE = Automatic;
				INFOPLIST_FILE = toDoTests/Info.plist;
				IPHONEOS_DEPLOYMENT_TARGET = 13.2;
				LD_RUNPATH_SEARCH_PATHS = (
					"$(inherited)",
					"@executable_path/Frameworks",
					"@loader_path/Frameworks",
				);
				PRODUCT_BUNDLE_IDENTIFIER = "Lunatic-Llama-Studios.toDo-v-1Tests";
				PRODUCT_NAME = "$(TARGET_NAME)";
				SWIFT_VERSION = 5.0;
				TARGETED_DEVICE_FAMILY = "1,2";
				TEST_HOST = "$(BUILT_PRODUCTS_DIR)/toDo.app/toDo";
			};
			name = Release;
		};
		4A8D13552411F1EF00DC90FD /* Debug */ = {
			isa = XCBuildConfiguration;
			buildSettings = {
				ALWAYS_EMBED_SWIFT_STANDARD_LIBRARIES = YES;
				CODE_SIGN_STYLE = Automatic;
				INFOPLIST_FILE = toDoUITests/Info.plist;
				LD_RUNPATH_SEARCH_PATHS = (
					"$(inherited)",
					"@executable_path/Frameworks",
					"@loader_path/Frameworks",
				);
				PRODUCT_BUNDLE_IDENTIFIER = "Lunatic-Llama-Studios.toDo-v-1UITests";
				PRODUCT_NAME = "$(TARGET_NAME)";
				SWIFT_VERSION = 5.0;
				TARGETED_DEVICE_FAMILY = "1,2";
				TEST_TARGET_NAME = toDo;
			};
			name = Debug;
		};
		4A8D13562411F1EF00DC90FD /* Release */ = {
			isa = XCBuildConfiguration;
			buildSettings = {
				ALWAYS_EMBED_SWIFT_STANDARD_LIBRARIES = YES;
				CODE_SIGN_STYLE = Automatic;
				INFOPLIST_FILE = toDoUITests/Info.plist;
				LD_RUNPATH_SEARCH_PATHS = (
					"$(inherited)",
					"@executable_path/Frameworks",
					"@loader_path/Frameworks",
				);
				PRODUCT_BUNDLE_IDENTIFIER = "Lunatic-Llama-Studios.toDo-v-1UITests";
				PRODUCT_NAME = "$(TARGET_NAME)";
				SWIFT_VERSION = 5.0;
				TARGETED_DEVICE_FAMILY = "1,2";
				TEST_TARGET_NAME = toDo;
			};
			name = Release;
		};
/* End XCBuildConfiguration section */

/* Begin XCConfigurationList section */
		4A8D131F2411F1EC00DC90FD /* Build configuration list for PBXProject "toDo" */ = {
			isa = XCConfigurationList;
			buildConfigurations = (
				4A8D134C2411F1EF00DC90FD /* Debug */,
				4A8D134D2411F1EF00DC90FD /* Release */,
			);
			defaultConfigurationIsVisible = 0;
			defaultConfigurationName = Release;
		};
		4A8D134E2411F1EF00DC90FD /* Build configuration list for PBXNativeTarget "toDo" */ = {
			isa = XCConfigurationList;
			buildConfigurations = (
				4A8D134F2411F1EF00DC90FD /* Debug */,
				4A8D13502411F1EF00DC90FD /* Release */,
			);
			defaultConfigurationIsVisible = 0;
			defaultConfigurationName = Release;
		};
		4A8D13512411F1EF00DC90FD /* Build configuration list for PBXNativeTarget "toDoTests" */ = {
			isa = XCConfigurationList;
			buildConfigurations = (
				4A8D13522411F1EF00DC90FD /* Debug */,
				4A8D13532411F1EF00DC90FD /* Release */,
			);
			defaultConfigurationIsVisible = 0;
			defaultConfigurationName = Release;
		};
		4A8D13542411F1EF00DC90FD /* Build configuration list for PBXNativeTarget "toDoUITests" */ = {
			isa = XCConfigurationList;
			buildConfigurations = (
				4A8D13552411F1EF00DC90FD /* Debug */,
				4A8D13562411F1EF00DC90FD /* Release */,
			);
			defaultConfigurationIsVisible = 0;
			defaultConfigurationName = Release;
		};
/* End XCConfigurationList section */
	};
	rootObject = 4A8D131C2411F1EC00DC90FD /* Project object */;
}
